
Microsoft Visual Studio Solution File, Format Version 12.00
# Visual Studio Version 17
VisualStudioVersion = 17.14.37027.9 d17.14
MinimumVisualStudioVersion = 10.0.40219.1
Project("{FAE04EC0-301F-11D3-BF4B-00C04F79EFBC}") = "WpfCalculator", "WpfCalculator\WpfCalculator.csproj", "{4D099D3D-5B46-4936-8661-5F4F5DC30B8B}"
EndProject
Global
	GlobalSection(SolutionConfigurationPlatforms) = preSolution
		Debug|Any CPU = Debug|Any CPU
		Release|Any CPU = Release|Any CPU
	EndGlobalSection
	GlobalSection(ProjectConfigurationPlatforms) = postSolution
		{4D099D3D-5B46-4936-8661-5F4F5DC30B8B}.Debug|Any CPU.ActiveCfg = Debug|Any CPU
		{4D099D3D-5B46-4936-8661-5F4F5DC30B8B}.Debug|Any CPU.Build.0 = Debug|Any CPU
		{4D099D3D-5B46-4936-8661-5F4F5DC30B8B}.Release|Any CPU.ActiveCfg = Release|Any CPU
		{4D099D3D-5B46-4936-8661-5F4F5DC30B8B}.Release|Any CPU.Build.0 = Release|Any CPU
	EndGlobalSection
	GlobalSection(SolutionProperties) = preSolution
		HideSolutionNode = FALSE
	EndGlobalSection
	GlobalSection(ExtensibilityGlobals) = postSolution
		SolutionGuid = {AB76DE08-3D76-4E3E-A0FD-8218D231BFEA}
	EndGlobalSection
EndGlobal
